// !$*UTF8*$!
{
	archiveVersion = 1;
	classes = {
	};
	objectVersion = 50;
	objects = {

/* Begin PBXBuildFile section */
		D6B85BC522B0AB6C0040037E /* AppDelegate.m in Sources */ = {isa = PBXBuildFile; fileRef = D6B85BC422B0AB6C0040037E /* AppDelegate.m */; };
		D6B85BC822B0AB6C0040037E /* ViewController.m in Sources */ = {isa = PBXBuildFile; fileRef = D6B85BC722B0AB6C0040037E /* ViewController.m */; };
		D6B85BCB22B0AB6C0040037E /* Main.storyboard in Resources */ = {isa = PBXBuildFile; fileRef = D6B85BC922B0AB6C0040037E /* Main.storyboard */; };
		D6B85BCD22B0AB6D0040037E /* Assets.xcassets in Resources */ = {isa = PBXBuildFile; fileRef = D6B85BCC22B0AB6D0040037E /* Assets.xcassets */; };
		D6B85BD022B0AB6D0040037E /* LaunchScreen.storyboard in Resources */ = {isa = PBXBuildFile; fileRef = D6B85BCE22B0AB6D0040037E /* LaunchScreen.storyboard */; };
		D6B85BD322B0AB6D0040037E /* main.m in Sources */ = {isa = PBXBuildFile; fileRef = D6B85BD222B0AB6D0040037E /* main.m */; };
		D6B85BDB22B0AEB90040037E /* CollectionViewCell.m in Sources */ = {isa = PBXBuildFile; fileRef = D6B85BDA22B0AEB90040037E /* CollectionViewCell.m */; };
/* End PBXBuildFile section */

/* Begin PBXFileReference section */
		D6B85BC022B0AB6C0040037E /* CollectionCellSwipeDelete.app */ = {isa = PBXFileReference; explicitFileType = wrapper.application; includeInIndex = 0; path = CollectionCellSwipeDelete.app; sourceTree = BUILT_PRODUCTS_DIR; };
		D6B85BC322B0AB6C0040037E /* AppDelegate.h */ = {isa = PBXFileReference; lastKnownFileType = sourcecode.c.h; path = AppDelegate.h; sourceTree = "<group>"; };
		D6B85BC422B0AB6C0040037E /* AppDelegate.m */ = {isa = PBXFileReference; lastKnownFileType = sourcecode.c.objc; path = AppDelegate.m; sourceTree = "<group>"; };
		D6B85BC622B0AB6C0040037E /* ViewController.h */ = {isa = PBXFileReference; lastKnownFileType = sourcecode.c.h; path = ViewController.h; sourceTree = "<group>"; };
		D6B85BC722B0AB6C0040037E /* ViewController.m */ = {isa = PBXFileReference; lastKnownFileType = sourcecode.c.objc; path = ViewController.m; sourceTree = "<group>"; };
		D6B85BCA22B0AB6C0040037E /* Base */ = {isa = PBXFileReference; lastKnownFileType = file.storyboard; name = Base; path = Base.lproj/Main.storyboard; sourceTree = "<group>"; };
		D6B85BCC22B0AB6D0040037E /* Assets.xcassets */ = {isa = PBXFileReference; lastKnownFileType = folder.assetcatalog; path = Assets.xcassets; sourceTree = "<group>"; };
		D6B85BCF22B0AB6D0040037E /* Base */ = {isa = PBXFileReference; lastKnownFileType = file.storyboard; name = Base; path = Base.lproj/LaunchScreen.storyboard; sourceTree = "<group>"; };
		D6B85BD122B0AB6D0040037E /* Info.plist */ = {isa = PBXFileReference; lastKnownFileType = text.plist.xml; path = Info.plist; sourceTree = "<group>"; };
		D6B85BD222B0AB6D0040037E /* main.m */ = {isa = PBXFileReference; lastKnownFileType = sourcecode.c.objc; path = main.m; sourceTree = "<group>"; };
		D6B85BD922B0AEB90040037E /* CollectionViewCell.h */ = {isa = PBXFileReference; lastKnownFileType = sourcecode.c.h; path = CollectionViewCell.h; sourceTree = "<group>"; };
		D6B85BDA22B0AEB90040037E /* CollectionViewCell.m */ = {isa = PBXFileReference; lastKnownFileType = sourcecode.c.objc; path = CollectionViewCell.m; sourceTree = "<group>"; };
/* End PBXFileReference section */

/* Begin PBXFrameworksBuildPhase section */
		D6B85BBD22B0AB6C0040037E /* Frameworks */ = {
			isa = PBXFrameworksBuildPhase;
			buildActionMask = 2147483647;
			files = (
			);
			runOnlyForDeploymentPostprocessing = 0;
		};
/* End PBXFrameworksBuildPhase section */

/* Begin PBXGroup section */
		D6B85BB722B0AB6C0040037E = {
			isa = PBXGroup;
			children = (
				D6B85BC222B0AB6C0040037E /* CollectionCellSwipeDelete */,
				D6B85BC122B0AB6C0040037E /* Products */,
			);
			sourceTree = "<group>";
		};
		D6B85BC122B0AB6C0040037E /* Products */ = {
			isa = PBXGroup;
			children = (
				D6B85BC022B0AB6C0040037E /* CollectionCellSwipeDelete.app */,
			);
			name = Products;
			sourceTree = "<group>";
		};
		D6B85BC222B0AB6C0040037E /* CollectionCellSwipeDelete */ = {
			isa = PBXGroup;
			children = (
				D6B85BC322B0AB6C0040037E /* AppDelegate.h */,
				D6B85BC422B0AB6C0040037E /* AppDelegate.m */,
				D6B85BC622B0AB6C0040037E /* ViewController.h */,
				D6B85BC722B0AB6C0040037E /* ViewController.m */,
				D6B85BC922B0AB6C0040037E /* Main.storyboard */,
				D6B85BCC22B0AB6D0040037E /* Assets.xcassets */,
				D6B85BCE22B0AB6D0040037E /* LaunchScreen.storyboard */,
				D6B85BD122B0AB6D0040037E /* Info.plist */,
				D6B85BD222B0AB6D0040037E /* main.m */,
				D6B85BD922B0AEB90040037E /* CollectionViewCell.h */,
				D6B85BDA22B0AEB90040037E /* CollectionViewCell.m */,
			);
			path = CollectionCellSwipeDelete;
			sourceTree = "<group>";
		};
/* End PBXGroup section */

/* Begin PBXNativeTarget section */
		D6B85BBF22B0AB6C0040037E /* CollectionCellSwipeDelete */ = {
			isa = PBXNativeTarget;
			buildConfigurationList = D6B85BD622B0AB6D0040037E /* Build configuration list for PBXNativeTarget "CollectionCellSwipeDelete" */;
			buildPhases = (
				D6B85BBC22B0AB6C0040037E /* Sources */,
				D6B85BBD22B0AB6C0040037E /* Frameworks */,
				D6B85BBE22B0AB6C0040037E /* Resources */,
			);
			buildRules = (
			);
			dependencies = (
			);
			name = CollectionCellSwipeDelete;
			productName = CollectionCellSwipeDelete;
			productReference = D6B85BC022B0AB6C0040037E /* CollectionCellSwipeDelete.app */;
			productType = "com.apple.product-type.application";
		};
/* End PBXNativeTarget section */

/* Begin PBXProject section */
		D6B85BB822B0AB6C0040037E /* Project object */ = {
			isa = PBXProject;
			attributes = {
				LastUpgradeCheck = 1020;
				ORGANIZATIONNAME = MAC;
				TargetAttributes = {
					D6B85BBF22B0AB6C0040037E = {
						CreatedOnToolsVersion = 10.2.1;
					};
				};
			};
			buildConfigurationList = D6B85BBB22B0AB6C0040037E /* Build configuration list for PBXProject "CollectionCellSwipeDelete" */;
			compatibilityVersion = "Xcode 9.3";
			developmentRegion = en;
			hasScannedForEncodings = 0;
			knownRegions = (
				en,
				Base,
			);
			mainGroup = D6B85BB722B0AB6C0040037E;
			productRefGroup = D6B85BC122B0AB6C0040037E /* Products */;
			projectDirPath = "";
			projectRoot = "";
			targets = (
				D6B85BBF22B0AB6C0040037E /* CollectionCellSwipeDelete */,
			);
		};
/* End PBXProject section */

/* Begin PBXResourcesBuildPhase section */
		D6B85BBE22B0AB6C0040037E /* Resources */ = {
			isa = PBXResourcesBuildPhase;
			buildActionMask = 2147483647;
			files = (
				D6B85BD022B0AB6D0040037E /* LaunchScreen.storyboard in Resources */,
				D6B85BCD22B0AB6D0040037E /* Assets.xcassets in Resources */,
				D6B85BCB22B0AB6C0040037E /* Main.storyboard in Resources */,
			);
			runOnlyForDeploymentPostprocessing = 0;
		};
/* End PBXResourcesBuildPhase section */

/* Begin PBXSourcesBuildPhase section */
		D6B85BBC22B0AB6C0040037E /* Sources */ = {
			isa = PBXSourcesBuildPhase;
			buildActionMask = 2147483647;
			files = (
				D6B85BC822B0AB6C0040037E /* ViewController.m in Sources */,
				D6B85BD322B0AB6D0040037E /* main.m in Sources */,
				D6B85BDB22B0AEB90040037E /* CollectionViewCell.m in Sources */,
				D6B85BC522B0AB6C0040037E /* AppDelegate.m in Sources */,
			);
			runOnlyForDeploymentPostprocessing = 0;
		};
/* End PBXSourcesBuildPhase section */

/* Begin PBXVariantGroup section */
		D6B85BC922B0AB6C0040037E /* Main.storyboard */ = {
			isa = PBXVariantGroup;
			children = (
				D6B85BCA22B0AB6C0040037E /* Base */,
			);
			name = Main.storyboard;
			sourceTree = "<group>";
		};
		D6B85BCE22B0AB6D0040037E /* LaunchScreen.storyboard */ = {
			isa = PBXVariantGroup;
			children = (
				D6B85BCF22B0AB6D0040037E /* Base */,
			);
			name = LaunchScreen.storyboard;
			sourceTree = "<group>";
		};
/* End PBXVariantGroup section */

/* Begin XCBuildConfiguration section */
		D6B85BD422B0AB6D0040037E /* Debug */ = {
			isa = XCBuildConfiguration;
			buildSettings = {
				ALWAYS_SEARCH_USER_PATHS = NO;
				CLANG_ANALYZER_NONNULL = YES;
				CLANG_ANALYZER_NUMBER_OBJECT_CONVERSION = YES_AGGRESSIVE;
				CLANG_CXX_LANGUAGE_STANDARD = "gnu++14";
				CLANG_CXX_LIBRARY = "libc++";
				CLANG_ENABLE_MODULES = YES;
				CLANG_ENABLE_OBJC_ARC = YES;
				CLANG_ENABLE_OBJC_WEAK = YES;
				CLANG_WARN_BLOCK_CAPTURE_AUTORELEASING = YES;
				CLANG_WARN_BOOL_CONVERSION = YES;
				CLANG_WARN_COMMA = YES;
				CLANG_WARN_CONSTANT_CONVERSION = YES;
				CLANG_WARN_DEPRECATED_OBJC_IMPLEMENTATIONS = YES;
				CLANG_WARN_DIRECT_OBJC_ISA_USAGE = YES_ERROR;
				CLANG_WARN_DOCUMENTATION_COMMENTS = YES;
				CLANG_WARN_EMPTY_BODY = YES;
				CLANG_WARN_ENUM_CONVERSION = YES;
				CLANG_WARN_INFINITE_RECURSION = YES;
				CLANG_WARN_INT_CONVERSION = YES;
				CLANG_WARN_NON_LITERAL_NULL_CONVERSION = YES;
				CLANG_WARN_OBJC_IMPLICIT_RETAIN_SELF = YES;
				CLANG_WARN_OBJC_LITERAL_CONVERSION = YES;
				CLANG_WARN_OBJC_ROOT_CLASS = YES_ERROR;
				CLANG_WARN_RANGE_LOOP_ANALYSIS = YES;
				CLANG_WARN_STRICT_PROTOTYPES = YES;
				CLANG_WARN_SUSPICIOUS_MOVE = YES;
				CLANG_WARN_UNGUARDED_AVAILABILITY = YES_AGGRESSIVE;
				CLANG_WARN_UNREACHABLE_CODE = YES;
				CLANG_WARN__DUPLICATE_METHOD_MATCH = YES;
				CODE_SIGN_IDENTITY = "iPhone Developer";
				COPY_PHASE_STRIP = NO;
				DEBUG_INFORMATION_FORMAT = dwarf;
				ENABLE_STRICT_OBJC_MSGSEND = YES;
				ENABLE_TESTABILITY = YES;
				GCC_C_LANGUAGE_STANDARD = gnu11;
				GCC_DYNAMIC_NO_PIC = NO;
				GCC_NO_COMMON_BLOCKS = YES;
				GCC_OPTIMIZATION_LEVEL = 0;
				GCC_PREPROCESSOR_DEFINITIONS = (
					"DEBUG=1",
					"$(inherited)",
				);
				GCC_WARN_64_TO_32_BIT_CONVERSION = YES;
				GCC_WARN_ABOUT_RETURN_TYPE = YES_ERROR;
				GCC_WARN_UNDECLARED_SELECTOR = YES;
				GCC_WARN_UNINITIALIZED_AUTOS = YES_AGGRESSIVE;
				GCC_WARN_UNUSED_FUNCTION = YES;
				GCC_WARN_UNUSED_VARIABLE = YES;
				IPHONEOS_DEPLOYMENT_TARGET = 12.2;
				MTL_ENABLE_DEBUG_INFO = INCLUDE_SOURCE;
				MTL_FAST_MATH = YES;
				ONLY_ACTIVE_ARCH = YES;
				SDKROOT = iphoneos;
			};
			name = Debug;
		};
		D6B85BD522B0AB6D0040037E /* Release */ = {
			isa = XCBuildConfiguration;
			buildSettings = {
				ALWAYS_SEARCH_USER_PATHS = NO;
				CLANG_ANALYZER_NONNULL = YES;
				CLANG_ANALYZER_NUMBER_OBJECT_CONVERSION = YES_AGGRESSIVE;
				CLANG_CXX_LANGUAGE_STANDARD = "gnu++14";
				CLANG_CXX_LIBRARY = "libc++";
				CLANG_ENABLE_MODULES = YES;
				CLANG_ENABLE_OBJC_ARC = YES;
				CLANG_ENABLE_OBJC_WEAK = YES;
				CLANG_WARN_BLOCK_CAPTURE_AUTORELEASING = YES;
				CLANG_WARN_BOOL_CONVERSION = YES;
				CLANG_WARN_COMMA = YES;
				CLANG_WARN_CONSTANT_CONVERSION = YES;
				CLANG_WARN_DEPRECATED_OBJC_IMPLEMENTATIONS = YES;
				CLANG_WARN_DIRECT_OBJC_ISA_USAGE = YES_ERROR;
				CLANG_WARN_DOCUMENTATION_COMMENTS = YES;
				CLANG_WARN_EMPTY_BODY = YES;
				CLANG_WARN_ENUM_CONVERSION = YES;
				CLANG_WARN_INFINITE_RECURSION = YES;
				CLANG_WARN_INT_CONVERSION = YES;
				CLANG_WARN_NON_LITERAL_NULL_CONVERSION = YES;
				CLANG_WARN_OBJC_IMPLICIT_RETAIN_SELF = YES;
				CLANG_WARN_OBJC_LITERAL_CONVERSION = YES;
				CLANG_WARN_OBJC_ROOT_CLASS = YES_ERROR;
				CLANG_WARN_RANGE_LOOP_ANALYSIS = YES;
				CLANG_WARN_STRICT_PROTOTYPES = YES;
				CLANG_WARN_SUSPICIOUS_MOVE = YES;
				CLANG_WARN_UNGUARDED_AVAILABILITY = YES_AGGRESSIVE;
				CLANG_WARN_UNREACHABLE_CODE = YES;
				CLANG_WARN__DUPLICATE_METHOD_MATCH = YES;
				CODE_SIGN_IDENTITY = "iPhone Developer";
				COPY_PHASE_STRIP = NO;
				DEBUG_INFORMATION_FORMAT = "dwarf-with-dsym";
				ENABLE_NS_ASSERTIONS = NO;
				ENABLE_STRICT_OBJC_MSGSEND = YES;
				GCC_C_LANGUAGE_STANDARD = gnu11;
				GCC_NO_COMMON_BLOCKS = YES;
				GCC_WARN_64_TO_32_BIT_CONVERSION = YES;
				GCC_WARN_ABOUT_RETURN_TYPE = YES_ERROR;
				GCC_WARN_UNDECLARED_SELECTOR = YES;
				GCC_WARN_UNINITIALIZED_AUTOS = YES_AGGRESSIVE;
				GCC_WARN_UNUSED_FUNCTION = YES;
				GCC_WARN_UNUSED_VARIABLE = YES;
				IPHONEOS_DEPLOYMENT_TARGET = 12.2;
				MTL_ENABLE_DEBUG_INFO = NO;
				MTL_FAST_MATH = YES;
				SDKROOT = iphoneos;
				VALIDATE_PRODUCT = YES;
			};
			name = Release;
		};
		D6B85BD722B0AB6D0040037E /* Debug */ = {
			isa = XCBuildConfiguration;
			buildSettings = {
				ASSETCATALOG_COMPILER_APPICON_NAME = AppIcon;
				CODE_SIGN_STYLE = Manual;
				DEVELOPMENT_TEAM = "";
				INFOPLIST_FILE = CollectionCellSwipeDelete/Info.plist;
				LD_RUNPATH_SEARCH_PATHS = (
					"$(inherited)",
					"@executable_path/Frameworks",
				);
				PRODUCT_BUNDLE_IDENTIFIER = com.mac.mac.CollectionCellSwipeDelete;
				PRODUCT_NAME = "$(TARGET_NAME)";
				PROVISIONING_PROFILE_SPECIFIER = "";
				TARGETED_DEVICE_FAMILY = "1,2";
			};
			name = Debug;
		};
		D6B85BD822B0AB6D0040037E /* Release */ = {
			isa = XCBuildConfiguration;
			buildSettings = {
				ASSETCATALOG_COMPILER_APPICON_NAME = AppIcon;
				CODE_SIGN_STYLE = Manual;
				DEVELOPMENT_TEAM = "";
				INFOPLIST_FILE = CollectionCellSwipeDelete/Info.plist;
				LD_RUNPATH_SEARCH_PATHS = (
					"$(inherited)",
					"@executable_path/Frameworks",
				);
				PRODUCT_BUNDLE_IDENTIFIER = com.mac.mac.CollectionCellSwipeDelete;
				PRODUCT_NAME = "$(TARGET_NAME)";
				PROVISIONING_PROFILE_SPECIFIER = "";
				TARGETED_DEVICE_FAMILY = "1,2";
			};
			name = Release;
		};
/* End XCBuildConfiguration section */

/* Begin XCConfigurationList section */
		D6B85BBB22B0AB6C0040037E /* Build configuration list for PBXProject "CollectionCellSwipeDelete" */ = {
			isa = XCConfigurationList;
			buildConfigurations = (
				D6B85BD422B0AB6D0040037E /* Debug */,
				D6B85BD522B0AB6D0040037E /* Release */,
			);
			defaultConfigurationIsVisible = 0;
			defaultConfigurationName = Release;
		};
		D6B85BD622B0AB6D0040037E /* Build configuration list for PBXNativeTarget "CollectionCellSwipeDelete" */ = {
			isa = XCConfigurationList;
			buildConfigurations = (
				D6B85BD722B0AB6D0040037E /* Debug */,
				D6B85BD822B0AB6D0040037E /* Release */,
			);
			defaultConfigurationIsVisible = 0;
			defaultConfigurationName = Release;
		};
/* End XCConfigurationList section */
	};
	rootObject = D6B85BB822B0AB6C0040037E /* Project object */;
}
